
Microsoft Visual Studio Solution File, Format Version 12.00
# Visual Studio Version 16
VisualStudioVersion = 16.0.30621.155
MinimumVisualStudioVersion = 10.0.40219.1
Project("{9A19103F-16F7-4668-BE54-9A1E7A4F7556}") = "BlazorMovies.Server", "BlazorMovies\Server\BlazorMovies.Server.csproj", "{1F19B849-E9EC-4566-B5F7-424A4705A7C3}"
EndProject
Project("{9A19103F-16F7-4668-BE54-9A1E7A4F7556}") = "BlazorMovies.Client", "BlazorMovies\Client\BlazorMovies.Client.csproj", "{C730ED6F-C09C-4AE2-B2F5-E636BBFA68B1}"
EndProject
Project("{9A19103F-16F7-4668-BE54-9A1E7A4F7556}") = "BlazorMovies.Shared", "BlazorMovies\Shared\BlazorMovies.Shared.csproj", "{AB5D09ED-F86C-4A93-AD17-11EDD91F5498}"
EndProject
Global
	GlobalSection(SolutionConfigurationPlatforms) = preSolution
		Debug|Any CPU = Debug|Any CPU
		Release|Any CPU = Release|Any CPU
	EndGlobalSection
	GlobalSection(ProjectConfigurationPlatforms) = postSolution
		{1F19B849-E9EC-4566-B5F7-424A4705A7C3}.Debug|Any CPU.ActiveCfg = Debug|Any CPU
		{1F19B849-E9EC-4566-B5F7-424A4705A7C3}.Debug|Any CPU.Build.0 = Debug|Any CPU
		{1F19B849-E9EC-4566-B5F7-424A4705A7C3}.Release|Any CPU.ActiveCfg = Release|Any CPU
		{1F19B849-E9EC-4566-B5F7-424A4705A7C3}.Release|Any CPU.Build.0 = Release|Any CPU
		{C730ED6F-C09C-4AE2-B2F5-E636BBFA68B1}.Debug|Any CPU.ActiveCfg = Debug|Any CPU
		{C730ED6F-C09C-4AE2-B2F5-E636BBFA68B1}.Debug|Any CPU.Build.0 = Debug|Any CPU
		{C730ED6F-C09C-4AE2-B2F5-E636BBFA68B1}.Release|Any CPU.ActiveCfg = Release|Any CPU
		{C730ED6F-C09C-4AE2-B2F5-E636BBFA68B1}.Release|Any CPU.Build.0 = Release|Any CPU
		{AB5D09ED-F86C-4A93-AD17-11EDD91F5498}.Debug|Any CPU.ActiveCfg = Debug|Any CPU
		{AB5D09ED-F86C-4A93-AD17-11EDD91F5498}.Debug|Any CPU.Build.0 = Debug|Any CPU
		{AB5D09ED-F86C-4A93-AD17-11EDD91F5498}.Release|Any CPU.ActiveCfg = Release|Any CPU
		{AB5D09ED-F86C-4A93-AD17-11EDD91F5498}.Release|Any CPU.Build.0 = Release|Any CPU
	EndGlobalSection
	GlobalSection(SolutionProperties) = preSolution
		HideSolutionNode = FALSE
	EndGlobalSection
	GlobalSection(ExtensibilityGlobals) = postSolution
		SolutionGuid = {3242B0A0-9365-4682-BE5F-B6D4BA05BFC6}
	EndGlobalSection
EndGlobal
